
Microsoft Visual Studio Solution File, Format Version 12.00
# Visual Studio Version 16
VisualStudioVersion = 16.0.30907.101
MinimumVisualStudioVersion = 10.0.40219.1
Project("{9A19103F-16F7-4668-BE54-9A1E7A4F7556}") = "TSound.Web", "Web\TSound.Web\TSound.Web.csproj", "{B8B0E97C-4509-4A6E-8BF5-298646675427}"
EndProject
Project("{2150E333-8FDC-42A3-9474-1A3956D46DE8}") = "Web", "Web", "{6463914D-8A80-4677-8137-0C7A93FFE61C}"
EndProject
Project("{2150E333-8FDC-42A3-9474-1A3956D46DE8}") = "Console", "Console", "{F11FA980-498B-46FA-BC4D-921D527EC2AB}"
EndProject
Project("{2150E333-8FDC-42A3-9474-1A3956D46DE8}") = "Data", "Data", "{B0583BDA-F708-49DC-881F-A65BEADD3818}"
EndProject
Project("{9A19103F-16F7-4668-BE54-9A1E7A4F7556}") = "TSound.Console", "Console\TSound.Console\TSound.Console.csproj", "{6FB4394A-7FB2-4624-8970-B56E08AA0CF1}"
EndProject
Project("{9A19103F-16F7-4668-BE54-9A1E7A4F7556}") = "TSound.Data.Models", "Data\TSound.Data.Models\TSound.Data.Models.csproj", "{A30376AB-9F1E-4EA9-B6D7-FEC5131ED160}"
EndProject
Project("{9A19103F-16F7-4668-BE54-9A1E7A4F7556}") = "TSound.Data", "Data\TSound.Data\TSound.Data.csproj", "{C3470562-F3DD-44FF-8A7A-D465A0BC1C95}"
EndProject
Project("{2150E333-8FDC-42A3-9474-1A3956D46DE8}") = "Services", "Services", "{4988B194-DF12-4549-92D4-150F5C2681E0}"
EndProject
Project("{9A19103F-16F7-4668-BE54-9A1E7A4F7556}") = "TSound.Services.Models", "Services\TSound.Services.Models\TSound.Services.Models.csproj", "{034D2BBB-109E-4B03-A635-5148B1BA160B}"
EndProject
Project("{9A19103F-16F7-4668-BE54-9A1E7A4F7556}") = "TSound.Services", "Services\TSound.Services\TSound.Services.csproj", "{DA3887C1-F4B2-4F97-8BBB-5C9BBAA96AB1}"
EndProject
Project("{2150E333-8FDC-42A3-9474-1A3956D46DE8}") = "Tests", "Tests", "{800BCCDC-9CFF-4FFE-8A66-121E1D505030}"
EndProject
Project("{9A19103F-16F7-4668-BE54-9A1E7A4F7556}") = "TSound.Services.Tests", "Tests\TSound.Services.Tests\TSound.Services.Tests.csproj", "{6532CC93-7C71-4216-83AF-D533D583A427}"
EndProject
Project("{9A19103F-16F7-4668-BE54-9A1E7A4F7556}") = "TSound.Controllers.Tests", "Tests\TSound.Controllers.Tests\TSound.Controllers.Tests.csproj", "{1CD4FD1B-8438-49D0-B4DF-36D20EA22132}"
EndProject
Project("{FAE04EC0-301F-11D3-BF4B-00C04F79EFBC}") = "TSound.Services.External", "Services\TSound.Services.External\TSound.Services.External.csproj", "{8A08D71A-FF70-4D55-B21F-45CF420C1524}"
EndProject
Project("{2150E333-8FDC-42A3-9474-1A3956D46DE8}") = "Common", "Common", "{92D2F784-2DA9-426B-8DA2-96657A6DE5FC}"
EndProject
Project("{FAE04EC0-301F-11D3-BF4B-00C04F79EFBC}") = "TSound.Common", "Common\TSound.Common\TSound.Common.csproj", "{89AC2BAF-A8E8-4BB4-80AA-E0FF69EA58D9}"
EndProject
Global
	GlobalSection(SolutionConfigurationPlatforms) = preSolution
		Debug|Any CPU = Debug|Any CPU
		Release|Any CPU = Release|Any CPU
	EndGlobalSection
	GlobalSection(ProjectConfigurationPlatforms) = postSolution
		{B8B0E97C-4509-4A6E-8BF5-298646675427}.Debug|Any CPU.ActiveCfg = Debug|Any CPU
		{B8B0E97C-4509-4A6E-8BF5-298646675427}.Debug|Any CPU.Build.0 = Debug|Any CPU
		{B8B0E97C-4509-4A6E-8BF5-298646675427}.Release|Any CPU.ActiveCfg = Release|Any CPU
		{B8B0E97C-4509-4A6E-8BF5-298646675427}.Release|Any CPU.Build.0 = Release|Any CPU
		{6FB4394A-7FB2-4624-8970-B56E08AA0CF1}.Debug|Any CPU.ActiveCfg = Debug|Any CPU
		{6FB4394A-7FB2-4624-8970-B56E08AA0CF1}.Debug|Any CPU.Build.0 = Debug|Any CPU
		{6FB4394A-7FB2-4624-8970-B56E08AA0CF1}.Release|Any CPU.ActiveCfg = Release|Any CPU
		{6FB4394A-7FB2-4624-8970-B56E08AA0CF1}.Release|Any CPU.Build.0 = Release|Any CPU
		{A30376AB-9F1E-4EA9-B6D7-FEC5131ED160}.Debug|Any CPU.ActiveCfg = Debug|Any CPU
		{A30376AB-9F1E-4EA9-B6D7-FEC5131ED160}.Debug|Any CPU.Build.0 = Debug|Any CPU
		{A30376AB-9F1E-4EA9-B6D7-FEC5131ED160}.Release|Any CPU.ActiveCfg = Release|Any CPU
		{A30376AB-9F1E-4EA9-B6D7-FEC5131ED160}.Release|Any CPU.Build.0 = Release|Any CPU
		{C3470562-F3DD-44FF-8A7A-D465A0BC1C95}.Debug|Any CPU.ActiveCfg = Debug|Any CPU
		{C3470562-F3DD-44FF-8A7A-D465A0BC1C95}.Debug|Any CPU.Build.0 = Debug|Any CPU
		{C3470562-F3DD-44FF-8A7A-D465A0BC1C95}.Release|Any CPU.ActiveCfg = Release|Any CPU
		{C3470562-F3DD-44FF-8A7A-D465A0BC1C95}.Release|Any CPU.Build.0 = Release|Any CPU
		{034D2BBB-109E-4B03-A635-5148B1BA160B}.Debug|Any CPU.ActiveCfg = Debug|Any CPU
		{034D2BBB-109E-4B03-A635-5148B1BA160B}.Debug|Any CPU.Build.0 = Debug|Any CPU
		{034D2BBB-109E-4B03-A635-5148B1BA160B}.Release|Any CPU.ActiveCfg = Release|Any CPU
		{034D2BBB-109E-4B03-A635-5148B1BA160B}.Release|Any CPU.Build.0 = Release|Any CPU
		{DA3887C1-F4B2-4F97-8BBB-5C9BBAA96AB1}.Debug|Any CPU.ActiveCfg = Debug|Any CPU
		{DA3887C1-F4B2-4F97-8BBB-5C9BBAA96AB1}.Debug|Any CPU.Build.0 = Debug|Any CPU
		{DA3887C1-F4B2-4F97-8BBB-5C9BBAA96AB1}.Release|Any CPU.ActiveCfg = Release|Any CPU
		{DA3887C1-F4B2-4F97-8BBB-5C9BBAA96AB1}.Release|Any CPU.Build.0 = Release|Any CPU
		{6532CC93-7C71-4216-83AF-D533D583A427}.Debug|Any CPU.ActiveCfg = Debug|Any CPU
		{6532CC93-7C71-4216-83AF-D533D583A427}.Debug|Any CPU.Build.0 = Debug|Any CPU
		{6532CC93-7C71-4216-83AF-D533D583A427}.Release|Any CPU.ActiveCfg = Release|Any CPU
		{6532CC93-7C71-4216-83AF-D533D583A427}.Release|Any CPU.Build.0 = Release|Any CPU
		{1CD4FD1B-8438-49D0-B4DF-36D20EA22132}.Debug|Any CPU.ActiveCfg = Debug|Any CPU
		{1CD4FD1B-8438-49D0-B4DF-36D20EA22132}.Debug|Any CPU.Build.0 = Debug|Any CPU
		{1CD4FD1B-8438-49D0-B4DF-36D20EA22132}.Release|Any CPU.ActiveCfg = Release|Any CPU
		{1CD4FD1B-8438-49D0-B4DF-36D20EA22132}.Release|Any CPU.Build.0 = Release|Any CPU
		{8A08D71A-FF70-4D55-B21F-45CF420C1524}.Debug|Any CPU.ActiveCfg = Debug|Any CPU
		{8A08D71A-FF70-4D55-B21F-45CF420C1524}.Debug|Any CPU.Build.0 = Debug|Any CPU
		{8A08D71A-FF70-4D55-B21F-45CF420C1524}.Release|Any CPU.ActiveCfg = Release|Any CPU
		{8A08D71A-FF70-4D55-B21F-45CF420C1524}.Release|Any CPU.Build.0 = Release|Any CPU
		{89AC2BAF-A8E8-4BB4-80AA-E0FF69EA58D9}.Debug|Any CPU.ActiveCfg = Debug|Any CPU
		{89AC2BAF-A8E8-4BB4-80AA-E0FF69EA58D9}.Debug|Any CPU.Build.0 = Debug|Any CPU
		{89AC2BAF-A8E8-4BB4-80AA-E0FF69EA58D9}.Release|Any CPU.ActiveCfg = Release|Any CPU
		{89AC2BAF-A8E8-4BB4-80AA-E0FF69EA58D9}.Release|Any CPU.Build.0 = Release|Any CPU
	EndGlobalSection
	GlobalSection(SolutionProperties) = preSolution
		HideSolutionNode = FALSE
	EndGlobalSection
	GlobalSection(NestedProjects) = preSolution
		{B8B0E97C-4509-4A6E-8BF5-298646675427} = {6463914D-8A80-4677-8137-0C7A93FFE61C}
		{6FB4394A-7FB2-4624-8970-B56E08AA0CF1} = {F11FA980-498B-46FA-BC4D-921D527EC2AB}
		{A30376AB-9F1E-4EA9-B6D7-FEC5131ED160} = {B0583BDA-F708-49DC-881F-A65BEADD3818}
		{C3470562-F3DD-44FF-8A7A-D465A0BC1C95} = {B0583BDA-F708-49DC-881F-A65BEADD3818}
		{034D2BBB-109E-4B03-A635-5148B1BA160B} = {4988B194-DF12-4549-92D4-150F5C2681E0}
		{DA3887C1-F4B2-4F97-8BBB-5C9BBAA96AB1} = {4988B194-DF12-4549-92D4-150F5C2681E0}
		{6532CC93-7C71-4216-83AF-D533D583A427} = {800BCCDC-9CFF-4FFE-8A66-121E1D505030}
		{1CD4FD1B-8438-49D0-B4DF-36D20EA22132} = {800BCCDC-9CFF-4FFE-8A66-121E1D505030}
		{8A08D71A-FF70-4D55-B21F-45CF420C1524} = {4988B194-DF12-4549-92D4-150F5C2681E0}
		{89AC2BAF-A8E8-4BB4-80AA-E0FF69EA58D9} = {92D2F784-2DA9-426B-8DA2-96657A6DE5FC}
	EndGlobalSection
	GlobalSection(ExtensibilityGlobals) = postSolution
		SolutionGuid = {1EC142F3-F40C-450B-98BF-15FA8E11C596}
	EndGlobalSection
EndGlobal
